
Microsoft Visual Studio Solution File, Format Version 12.00
# Visual Studio Version 16
VisualStudioVersion = 16.0.30104.148
MinimumVisualStudioVersion = 10.0.40219.1
Project("{FAE04EC0-301F-11D3-BF4B-00C04F79EFBC}") = "IntroductionToBootstrap4", "IntroductionToBootstrap4\IntroductionToBootstrap4.csproj", "{F80CD7D2-F1D3-4BBC-A9BD-353D51B26591}"
EndProject
Global
	GlobalSection(SolutionConfigurationPlatforms) = preSolution
		Debug|Any CPU = Debug|Any CPU
		Release|Any CPU = Release|Any CPU
	EndGlobalSection
	GlobalSection(ProjectConfigurationPlatforms) = postSolution
		{F80CD7D2-F1D3-4BBC-A9BD-353D51B26591}.Debug|Any CPU.ActiveCfg = Debug|Any CPU
		{F80CD7D2-F1D3-4BBC-A9BD-353D51B26591}.Debug|Any CPU.Build.0 = Debug|Any CPU
		{F80CD7D2-F1D3-4BBC-A9BD-353D51B26591}.Release|Any CPU.ActiveCfg = Release|Any CPU
		{F80CD7D2-F1D3-4BBC-A9BD-353D51B26591}.Release|Any CPU.Build.0 = Release|Any CPU
	EndGlobalSection
	GlobalSection(SolutionProperties) = preSolution
		HideSolutionNode = FALSE
	EndGlobalSection
	GlobalSection(ExtensibilityGlobals) = postSolution
		SolutionGuid = {62A80721-A34F-4E65-8723-F47E4B58520B}
	EndGlobalSection
EndGlobal
